
Microsoft Visual Studio Solution File, Format Version 12.00
# Visual Studio Version 17
VisualStudioVersion = 17.1.32414.318
MinimumVisualStudioVersion = 10.0.40219.1
Project("{FAE04EC0-301F-11D3-BF4B-00C04F79EFBC}") = "CourseWork", "CourseWork\CourseWork.csproj", "{12204C9B-0BAF-4FB2-9D6C-CD8C85325F9E}"
EndProject
Global
	GlobalSection(SolutionConfigurationPlatforms) = preSolution
		Debug|Any CPU = Debug|Any CPU
		Release|Any CPU = Release|Any CPU
	EndGlobalSection
	GlobalSection(ProjectConfigurationPlatforms) = postSolution
		{12204C9B-0BAF-4FB2-9D6C-CD8C85325F9E}.Debug|Any CPU.ActiveCfg = Debug|Any CPU
		{12204C9B-0BAF-4FB2-9D6C-CD8C85325F9E}.Debug|Any CPU.Build.0 = Debug|Any CPU
		{12204C9B-0BAF-4FB2-9D6C-CD8C85325F9E}.Release|Any CPU.ActiveCfg = Release|Any CPU
		{12204C9B-0BAF-4FB2-9D6C-CD8C85325F9E}.Release|Any CPU.Build.0 = Release|Any CPU
	EndGlobalSection
	GlobalSection(SolutionProperties) = preSolution
		HideSolutionNode = FALSE
	EndGlobalSection
	GlobalSection(ExtensibilityGlobals) = postSolution
		SolutionGuid = {5162E093-79D9-4878-B6C8-114139DFE5B0}
	EndGlobalSection
EndGlobal
